// !$*UTF8*$!
{
	archiveVersion = 1;
	classes = {
	};
	objectVersion = 46;
	objects = {

/* Begin PBXBuildFile section */
		8289C1511A6CCD48002CF786 /* AppDelegate.swift in Sources */ = {isa = PBXBuildFile; fileRef = 8289C1501A6CCD48002CF786 /* AppDelegate.swift */; };
		8289C1531A6CCD48002CF786 /* NotificationsViewController.swift in Sources */ = {isa = PBXBuildFile; fileRef = 8289C1521A6CCD48002CF786 /* NotificationsViewController.swift */; };
		8289C1551A6CCD48002CF786 /* MoreViewController.swift in Sources */ = {isa = PBXBuildFile; fileRef = 8289C1541A6CCD48002CF786 /* MoreViewController.swift */; };
		8289C1581A6CCD48002CF786 /* Main.storyboard in Resources */ = {isa = PBXBuildFile; fileRef = 8289C1561A6CCD48002CF786 /* Main.storyboard */; };
		8289C15A1A6CCD48002CF786 /* Images.xcassets in Resources */ = {isa = PBXBuildFile; fileRef = 8289C1591A6CCD48002CF786 /* Images.xcassets */; };
		8289C15D1A6CCD48002CF786 /* LaunchScreen.xib in Resources */ = {isa = PBXBuildFile; fileRef = 8289C15B1A6CCD48002CF786 /* LaunchScreen.xib */; };
		8289C1691A6CCD48002CF786 /* Github_NotificationsTests.swift in Sources */ = {isa = PBXBuildFile; fileRef = 8289C1681A6CCD48002CF786 /* Github_NotificationsTests.swift */; };
		8289C1731A6D9C1A002CF786 /* LoginViewController.swift in Sources */ = {isa = PBXBuildFile; fileRef = 8289C1721A6D9C1A002CF786 /* LoginViewController.swift */; };
/* End PBXBuildFile section */

/* Begin PBXContainerItemProxy section */
		8289C1631A6CCD48002CF786 /* PBXContainerItemProxy */ = {
			isa = PBXContainerItemProxy;
			containerPortal = 8289C1431A6CCD48002CF786 /* Project object */;
			proxyType = 1;
			remoteGlobalIDString = 8289C14A1A6CCD48002CF786;
			remoteInfo = "Github Notifications";
		};
/* End PBXContainerItemProxy section */

/* Begin PBXFileReference section */
		8289C14B1A6CCD48002CF786 /* Github Notifications.app */ = {isa = PBXFileReference; explicitFileType = wrapper.application; includeInIndex = 0; path = "Github Notifications.app"; sourceTree = BUILT_PRODUCTS_DIR; };
		8289C14F1A6CCD48002CF786 /* Info.plist */ = {isa = PBXFileReference; lastKnownFileType = text.plist.xml; path = Info.plist; sourceTree = "<group>"; };
		8289C1501A6CCD48002CF786 /* AppDelegate.swift */ = {isa = PBXFileReference; lastKnownFileType = sourcecode.swift; path = AppDelegate.swift; sourceTree = "<group>"; };
		8289C1521A6CCD48002CF786 /* NotificationsViewController.swift */ = {isa = PBXFileReference; lastKnownFileType = sourcecode.swift; path = NotificationsViewController.swift; sourceTree = "<group>"; };
		8289C1541A6CCD48002CF786 /* MoreViewController.swift */ = {isa = PBXFileReference; lastKnownFileType = sourcecode.swift; path = MoreViewController.swift; sourceTree = "<group>"; };
		8289C1571A6CCD48002CF786 /* Base */ = {isa = PBXFileReference; lastKnownFileType = file.storyboard; name = Base; path = Base.lproj/Main.storyboard; sourceTree = "<group>"; };
		8289C1591A6CCD48002CF786 /* Images.xcassets */ = {isa = PBXFileReference; lastKnownFileType = folder.assetcatalog; path = Images.xcassets; sourceTree = "<group>"; };
		8289C15C1A6CCD48002CF786 /* Base */ = {isa = PBXFileReference; lastKnownFileType = file.xib; name = Base; path = Base.lproj/LaunchScreen.xib; sourceTree = "<group>"; };
		8289C1621A6CCD48002CF786 /* Github NotificationsTests.xctest */ = {isa = PBXFileReference; explicitFileType = wrapper.cfbundle; includeInIndex = 0; path = "Github NotificationsTests.xctest"; sourceTree = BUILT_PRODUCTS_DIR; };
		8289C1671A6CCD48002CF786 /* Info.plist */ = {isa = PBXFileReference; lastKnownFileType = text.plist.xml; path = Info.plist; sourceTree = "<group>"; };
		8289C1681A6CCD48002CF786 /* Github_NotificationsTests.swift */ = {isa = PBXFileReference; lastKnownFileType = sourcecode.swift; path = Github_NotificationsTests.swift; sourceTree = "<group>"; };
		8289C1721A6D9C1A002CF786 /* LoginViewController.swift */ = {isa = PBXFileReference; fileEncoding = 4; lastKnownFileType = sourcecode.swift; path = LoginViewController.swift; sourceTree = "<group>"; };
/* End PBXFileReference section */

/* Begin PBXFrameworksBuildPhase section */
		8289C1481A6CCD48002CF786 /* Frameworks */ = {
			isa = PBXFrameworksBuildPhase;
			buildActionMask = 2147483647;
			files = (
			);
			runOnlyForDeploymentPostprocessing = 0;
		};
		8289C15F1A6CCD48002CF786 /* Frameworks */ = {
			isa = PBXFrameworksBuildPhase;
			buildActionMask = 2147483647;
			files = (
			);
			runOnlyForDeploymentPostprocessing = 0;
		};
/* End PBXFrameworksBuildPhase section */

/* Begin PBXGroup section */
		8289C1421A6CCD48002CF786 = {
			isa = PBXGroup;
			children = (
				8289C14D1A6CCD48002CF786 /* Github Notifications */,
				8289C1651A6CCD48002CF786 /* Github NotificationsTests */,
				8289C14C1A6CCD48002CF786 /* Products */,
			);
			sourceTree = "<group>";
		};
		8289C14C1A6CCD48002CF786 /* Products */ = {
			isa = PBXGroup;
			children = (
				8289C14B1A6CCD48002CF786 /* Github Notifications.app */,
				8289C1621A6CCD48002CF786 /* Github NotificationsTests.xctest */,
			);
			name = Products;
			sourceTree = "<group>";
		};
		8289C14D1A6CCD48002CF786 /* Github Notifications */ = {
			isa = PBXGroup;
			children = (
				8289C1501A6CCD48002CF786 /* AppDelegate.swift */,
				8289C1521A6CCD48002CF786 /* NotificationsViewController.swift */,
				8289C1541A6CCD48002CF786 /* MoreViewController.swift */,
				8289C1721A6D9C1A002CF786 /* LoginViewController.swift */,
				8289C1561A6CCD48002CF786 /* Main.storyboard */,
				8289C1591A6CCD48002CF786 /* Images.xcassets */,
				8289C15B1A6CCD48002CF786 /* LaunchScreen.xib */,
				8289C14E1A6CCD48002CF786 /* Supporting Files */,
			);
			path = "Github Notifications";
			sourceTree = "<group>";
		};
		8289C14E1A6CCD48002CF786 /* Supporting Files */ = {
			isa = PBXGroup;
			children = (
				8289C14F1A6CCD48002CF786 /* Info.plist */,
			);
			name = "Supporting Files";
			sourceTree = "<group>";
		};
		8289C1651A6CCD48002CF786 /* Github NotificationsTests */ = {
			isa = PBXGroup;
			children = (
				8289C1681A6CCD48002CF786 /* Github_NotificationsTests.swift */,
				8289C1661A6CCD48002CF786 /* Supporting Files */,
			);
			path = "Github NotificationsTests";
			sourceTree = "<group>";
		};
		8289C1661A6CCD48002CF786 /* Supporting Files */ = {
			isa = PBXGroup;
			children = (
				8289C1671A6CCD48002CF786 /* Info.plist */,
			);
			name = "Supporting Files";
			sourceTree = "<group>";
		};
/* End PBXGroup section */

/* Begin PBXNativeTarget section */
		8289C14A1A6CCD48002CF786 /* Github Notifications */ = {
			isa = PBXNativeTarget;
			buildConfigurationList = 8289C16C1A6CCD48002CF786 /* Build configuration list for PBXNativeTarget "Github Notifications" */;
			buildPhases = (
				8289C1471A6CCD48002CF786 /* Sources */,
				8289C1481A6CCD48002CF786 /* Frameworks */,
				8289C1491A6CCD48002CF786 /* Resources */,
			);
			buildRules = (
			);
			dependencies = (
			);
			name = "Github Notifications";
			productName = "Github Notifications";
			productReference = 8289C14B1A6CCD48002CF786 /* Github Notifications.app */;
			productType = "com.apple.product-type.application";
		};
		8289C1611A6CCD48002CF786 /* Github NotificationsTests */ = {
			isa = PBXNativeTarget;
			buildConfigurationList = 8289C16F1A6CCD48002CF786 /* Build configuration list for PBXNativeTarget "Github NotificationsTests" */;
			buildPhases = (
				8289C15E1A6CCD48002CF786 /* Sources */,
				8289C15F1A6CCD48002CF786 /* Frameworks */,
				8289C1601A6CCD48002CF786 /* Resources */,
			);
			buildRules = (
			);
			dependencies = (
				8289C1641A6CCD48002CF786 /* PBXTargetDependency */,
			);
			name = "Github NotificationsTests";
			productName = "Github NotificationsTests";
			productReference = 8289C1621A6CCD48002CF786 /* Github NotificationsTests.xctest */;
			productType = "com.apple.product-type.bundle.unit-test";
		};
/* End PBXNativeTarget section */

/* Begin PBXProject section */
		8289C1431A6CCD48002CF786 /* Project object */ = {
			isa = PBXProject;
			attributes = {
				LastUpgradeCheck = 0620;
				ORGANIZATIONNAME = "Mohsen Azimi";
				TargetAttributes = {
					8289C14A1A6CCD48002CF786 = {
						CreatedOnToolsVersion = 6.2;
					};
					8289C1611A6CCD48002CF786 = {
						CreatedOnToolsVersion = 6.2;
						TestTargetID = 8289C14A1A6CCD48002CF786;
					};
				};
			};
			buildConfigurationList = 8289C1461A6CCD48002CF786 /* Build configuration list for PBXProject "Github Notifications" */;
			compatibilityVersion = "Xcode 3.2";
			developmentRegion = English;
			hasScannedForEncodings = 0;
			knownRegions = (
				en,
				Base,
			);
			mainGroup = 8289C1421A6CCD48002CF786;
			productRefGroup = 8289C14C1A6CCD48002CF786 /* Products */;
			projectDirPath = "";
			projectRoot = "";
			targets = (
				8289C14A1A6CCD48002CF786 /* Github Notifications */,
				8289C1611A6CCD48002CF786 /* Github NotificationsTests */,
			);
		};
/* End PBXProject section */

/* Begin PBXResourcesBuildPhase section */
		8289C1491A6CCD48002CF786 /* Resources */ = {
			isa = PBXResourcesBuildPhase;
			buildActionMask = 2147483647;
			files = (
				8289C1581A6CCD48002CF786 /* Main.storyboard in Resources */,
				8289C15D1A6CCD48002CF786 /* LaunchScreen.xib in Resources */,
				8289C15A1A6CCD48002CF786 /* Images.xcassets in Resources */,
			);
			runOnlyForDeploymentPostprocessing = 0;
		};
		8289C1601A6CCD48002CF786 /* Resources */ = {
			isa = PBXResourcesBuildPhase;
			buildActionMask = 2147483647;
			files = (
			);
			runOnlyForDeploymentPostprocessing = 0;
		};
/* End PBXResourcesBuildPhase section */

/* Begin PBXSourcesBuildPhase section */
		8289C1471A6CCD48002CF786 /* Sources */ = {
			isa = PBXSourcesBuildPhase;
			buildActionMask = 2147483647;
			files = (
				8289C1731A6D9C1A002CF786 /* LoginViewController.swift in Sources */,
				8289C1551A6CCD48002CF786 /* MoreViewController.swift in Sources */,
				8289C1511A6CCD48002CF786 /* AppDelegate.swift in Sources */,
				8289C1531A6CCD48002CF786 /* NotificationsViewController.swift in Sources */,
			);
			runOnlyForDeploymentPostprocessing = 0;
		};
		8289C15E1A6CCD48002CF786 /* Sources */ = {
			isa = PBXSourcesBuildPhase;
			buildActionMask = 2147483647;
			files = (
				8289C1691A6CCD48002CF786 /* Github_NotificationsTests.swift in Sources */,
			);
			runOnlyForDeploymentPostprocessing = 0;
		};
/* End PBXSourcesBuildPhase section */

/* Begin PBXTargetDependency section */
		8289C1641A6CCD48002CF786 /* PBXTargetDependency */ = {
			isa = PBXTargetDependency;
			target = 8289C14A1A6CCD48002CF786 /* Github Notifications */;
			targetProxy = 8289C1631A6CCD48002CF786 /* PBXContainerItemProxy */;
		};
/* End PBXTargetDependency section */

/* Begin PBXVariantGroup section */
		8289C1561A6CCD48002CF786 /* Main.storyboard */ = {
			isa = PBXVariantGroup;
			children = (
				8289C1571A6CCD48002CF786 /* Base */,
			);
			name = Main.storyboard;
			sourceTree = "<group>";
		};
		8289C15B1A6CCD48002CF786 /* LaunchScreen.xib */ = {
			isa = PBXVariantGroup;
			children = (
				8289C15C1A6CCD48002CF786 /* Base */,
			);
			name = LaunchScreen.xib;
			sourceTree = "<group>";
		};
/* End PBXVariantGroup section */

/* Begin XCBuildConfiguration section */
		8289C16A1A6CCD48002CF786 /* Debug */ = {
			isa = XCBuildConfiguration;
			buildSettings = {
				ALWAYS_SEARCH_USER_PATHS = NO;
				CLANG_CXX_LANGUAGE_STANDARD = "gnu++0x";
				CLANG_CXX_LIBRARY = "libc++";
				CLANG_ENABLE_MODULES = YES;
				CLANG_ENABLE_OBJC_ARC = YES;
				CLANG_WARN_BOOL_CONVERSION = YES;
				CLANG_WARN_CONSTANT_CONVERSION = YES;
				CLANG_WARN_DIRECT_OBJC_ISA_USAGE = YES_ERROR;
				CLANG_WARN_EMPTY_BODY = YES;
				CLANG_WARN_ENUM_CONVERSION = YES;
				CLANG_WARN_INT_CONVERSION = YES;
				CLANG_WARN_OBJC_ROOT_CLASS = YES_ERROR;
				CLANG_WARN_UNREACHABLE_CODE = YES;
				CLANG_WARN__DUPLICATE_METHOD_MATCH = YES;
				"CODE_SIGN_IDENTITY[sdk=iphoneos*]" = "iPhone Developer";
				COPY_PHASE_STRIP = NO;
				ENABLE_STRICT_OBJC_MSGSEND = YES;
				GCC_C_LANGUAGE_STANDARD = gnu99;
				GCC_DYNAMIC_NO_PIC = NO;
				GCC_OPTIMIZATION_LEVEL = 0;
				GCC_PREPROCESSOR_DEFINITIONS = (
					"DEBUG=1",
					"$(inherited)",
				);
				GCC_SYMBOLS_PRIVATE_EXTERN = NO;
				GCC_WARN_64_TO_32_BIT_CONVERSION = YES;
				GCC_WARN_ABOUT_RETURN_TYPE = YES_ERROR;
				GCC_WARN_UNDECLARED_SELECTOR = YES;
				GCC_WARN_UNINITIALIZED_AUTOS = YES_AGGRESSIVE;
				GCC_WARN_UNUSED_FUNCTION = YES;
				GCC_WARN_UNUSED_VARIABLE = YES;
				IPHONEOS_DEPLOYMENT_TARGET = 8.2;
				MTL_ENABLE_DEBUG_INFO = YES;
				ONLY_ACTIVE_ARCH = YES;
				SDKROOT = iphoneos;
				SWIFT_OPTIMIZATION_LEVEL = "-Onone";
			};
			name = Debug;
		};
		8289C16B1A6CCD48002CF786 /* Release */ = {
			isa = XCBuildConfiguration;
			buildSettings = {
				ALWAYS_SEARCH_USER_PATHS = NO;
				CLANG_CXX_LANGUAGE_STANDARD = "gnu++0x";
				CLANG_CXX_LIBRARY = "libc++";
				CLANG_ENABLE_MODULES = YES;
				CLANG_ENABLE_OBJC_ARC = YES;
				CLANG_WARN_BOOL_CONVERSION = YES;
				CLANG_WARN_CONSTANT_CONVERSION = YES;
				CLANG_WARN_DIRECT_OBJC_ISA_USAGE = YES_ERROR;
				CLANG_WARN_EMPTY_BODY = YES;
				CLANG_WARN_ENUM_CONVERSION = YES;
				CLANG_WARN_INT_CONVERSION = YES;
				CLANG_WARN_OBJC_ROOT_CLASS = YES_ERROR;
				CLANG_WARN_UNREACHABLE_CODE = YES;
				CLANG_WARN__DUPLICATE_METHOD_MATCH = YES;
				"CODE_SIGN_IDENTITY[sdk=iphoneos*]" = "iPhone Developer";
				COPY_PHASE_STRIP = YES;
				ENABLE_NS_ASSERTIONS = NO;
				ENABLE_STRICT_OBJC_MSGSEND = YES;
				GCC_C_LANGUAGE_STANDARD = gnu99;
				GCC_WARN_64_TO_32_BIT_CONVERSION = YES;
				GCC_WARN_ABOUT_RETURN_TYPE = YES_ERROR;
				GCC_WARN_UNDECLARED_SELECTOR = YES;
				GCC_WARN_UNINITIALIZED_AUTOS = YES_AGGRESSIVE;
				GCC_WARN_UNUSED_FUNCTION = YES;
				GCC_WARN_UNUSED_VARIABLE = YES;
				IPHONEOS_DEPLOYMENT_TARGET = 8.2;
				MTL_ENABLE_DEBUG_INFO = NO;
				SDKROOT = iphoneos;
				VALIDATE_PRODUCT = YES;
			};
			name = Release;
		};
		8289C16D1A6CCD48002CF786 /* Debug */ = {
			isa = XCBuildConfiguration;
			buildSettings = {
				ASSETCATALOG_COMPILER_APPICON_NAME = AppIcon;
				INFOPLIST_FILE = "Github Notifications/Info.plist";
				LD_RUNPATH_SEARCH_PATHS = "$(inherited) @executable_path/Frameworks";
				PRODUCT_NAME = "$(TARGET_NAME)";
			};
			name = Debug;
		};
		8289C16E1A6CCD48002CF786 /* Release */ = {
			isa = XCBuildConfiguration;
			buildSettings = {
				ASSETCATALOG_COMPILER_APPICON_NAME = AppIcon;
				INFOPLIST_FILE = "Github Notifications/Info.plist";
				LD_RUNPATH_SEARCH_PATHS = "$(inherited) @executable_path/Frameworks";
				PRODUCT_NAME = "$(TARGET_NAME)";
			};
			name = Release;
		};
		8289C1701A6CCD48002CF786 /* Debug */ = {
			isa = XCBuildConfiguration;
			buildSettings = {
				BUNDLE_LOADER = "$(TEST_HOST)";
				FRAMEWORK_SEARCH_PATHS = (
					"$(SDKROOT)/Developer/Library/Frameworks",
					"$(inherited)",
				);
				GCC_PREPROCESSOR_DEFINITIONS = (
					"DEBUG=1",
					"$(inherited)",
				);
				INFOPLIST_FILE = "Github NotificationsTests/Info.plist";
				LD_RUNPATH_SEARCH_PATHS = "$(inherited) @executable_path/Frameworks @loader_path/Frameworks";
				PRODUCT_NAME = "$(TARGET_NAME)";
				TEST_HOST = "$(BUILT_PRODUCTS_DIR)/Github Notifications.app/Github Notifications";
			};
			name = Debug;
		};
		8289C1711A6CCD48002CF786 /* Release */ = {
			isa = XCBuildConfiguration;
			buildSettings = {
				BUNDLE_LOADER = "$(TEST_HOST)";
				FRAMEWORK_SEARCH_PATHS = (
					"$(SDKROOT)/Developer/Library/Frameworks",
					"$(inherited)",
				);
				INFOPLIST_FILE = "Github NotificationsTests/Info.plist";
				LD_RUNPATH_SEARCH_PATHS = "$(inherited) @executable_path/Frameworks @loader_path/Frameworks";
				PRODUCT_NAME = "$(TARGET_NAME)";
				TEST_HOST = "$(BUILT_PRODUCTS_DIR)/Github Notifications.app/Github Notifications";
			};
			name = Release;
		};
/* End XCBuildConfiguration section */

/* Begin XCConfigurationList section */
		8289C1461A6CCD48002CF786 /* Build configuration list for PBXProject "Github Notifications" */ = {
			isa = XCConfigurationList;
			buildConfigurations = (
				8289C16A1A6CCD48002CF786 /* Debug */,
				8289C16B1A6CCD48002CF786 /* Release */,
			);
			defaultConfigurationIsVisible = 0;
			defaultConfigurationName = Release;
		};
		8289C16C1A6CCD48002CF786 /* Build configuration list for PBXNativeTarget "Github Notifications" */ = {
			isa = XCConfigurationList;
			buildConfigurations = (
				8289C16D1A6CCD48002CF786 /* Debug */,
				8289C16E1A6CCD48002CF786 /* Release */,
			);
			defaultConfigurationIsVisible = 0;
		};
		8289C16F1A6CCD48002CF786 /* Build configuration list for PBXNativeTarget "Github NotificationsTests" */ = {
			isa = XCConfigurationList;
			buildConfigurations = (
				8289C1701A6CCD48002CF786 /* Debug */,
				8289C1711A6CCD48002CF786 /* Release */,
			);
			defaultConfigurationIsVisible = 0;
		};
/* End XCConfigurationList section */
	};
	rootObject = 8289C1431A6CCD48002CF786 /* Project object */;
}
